{
  "name": "EYEVISION-Web-Site-master",
  "lockfileVersion": 2,
  "requires": true,
  "packages": {
    "": {
      "dependencies": {
        "vue": "^2.6.12",
        "vue-router": "^3.5.1"
      }
    },
    "node_modules/vue": {
      "version": "2.6.12",
      "resolved": "https://registry.npmjs.org/vue/-/vue-2.6.12.tgz",
      "integrity": "sha512-uhmLFETqPPNyuLLbsKz6ioJ4q7AZHzD8ZVFNATNyICSZouqP2Sz0rotWQC8UNBF6VGSCs5abnKJoStA6JbCbfg=="
    },
    "node_modules/vue-router": {
      "version": "3.5.1",
      "resolved": "https://registry.npmjs.org/vue-router/-/vue-router-3.5.1.tgz",
      "integrity": "sha512-RRQNLT8Mzr8z7eL4p7BtKvRaTSGdCbTy2+Mm5HTJvLGYSSeG9gDzNasJPP/yOYKLy+/cLG/ftrqq5fvkFwBJEw=="
    }
  },
  "dependencies": {
    "vue": {
      "version": "2.6.12",
      "resolved": "https://registry.npmjs.org/vue/-/vue-2.6.12.tgz",
      "integrity": "sha512-uhmLFETqPPNyuLLbsKz6ioJ4q7AZHzD8ZVFNATNyICSZouqP2Sz0rotWQC8UNBF6VGSCs5abnKJoStA6JbCbfg=="
    },
    "vue-router": {
      "version": "3.5.1",
      "resolved": "https://registry.npmjs.org/vue-router/-/vue-router-3.5.1.tgz",
      "integrity": "sha512-RRQNLT8Mzr8z7eL4p7BtKvRaTSGdCbTy2+Mm5HTJvLGYSSeG9gDzNasJPP/yOYKLy+/cLG/ftrqq5fvkFwBJEw=="
    }
  }
}
